<?xml version="1.0" encoding="utf-8"?>
<Project ToolsVersion="4.0" xmlns="http://schemas.microsoft.com/developer/msbuild/2003">
  <ItemGroup>
    <Filter Include="源文件">
      <UniqueIdentifier>{4FC737F1-C7A5-4376-A066-2A32D752A2FF}</UniqueIdentifier>
      <Extensions>cpp;c;cc;cxx;def;odl;idl;hpj;bat;asm;asmx</Extensions>
    </Filter>
    <Filter Include="头文件">
      <UniqueIdentifier>{93995380-89BD-4b04-88EB-625FBE52EBFB}</UniqueIdentifier>
      <Extensions>h;hh;hpp;hxx;hm;inl;inc;ipp;xsd</Extensions>
    </Filter>
    <Filter Include="资源文件">
      <UniqueIdentifier>{67DA6AB6-F800-4c08-8B7A-83BB121AAD01}</UniqueIdentifier>
      <Extensions>rc;ico;cur;bmp;dlg;rc2;rct;bin;rgs;gif;jpg;jpeg;jpe;resx;tiff;tif;png;wav;mfcribbon-ms</Extensions>
    </Filter>
    <Filter Include="源文件\Ch1">
      <UniqueIdentifier>{f6908b61-2b0b-47ee-9459-02d12e0c1be4}</UniqueIdentifier>
    </Filter>
    <Filter Include="源文件\Ch1\learn">
      <UniqueIdentifier>{069c09f2-8f7e-4825-b38b-8bce0d4a8ef6}</UniqueIdentifier>
    </Filter>
    <Filter Include="源文件\Ch1\test">
      <UniqueIdentifier>{f67e8025-3c92-4bc9-80c5-f86ff9a6aa78}</UniqueIdentifier>
    </Filter>
    <Filter Include="源文件\Ch2">
      <UniqueIdentifier>{f5b568ad-4392-486a-96f7-095e180502f3}</UniqueIdentifier>
    </Filter>
    <Filter Include="源文件\Ch2\learn">
      <UniqueIdentifier>{0bd35188-3413-44e1-b711-3119d468806f}</UniqueIdentifier>
    </Filter>
    <Filter Include="源文件\Ch2\test">
      <UniqueIdentifier>{7fa09a06-a514-40e4-a23c-2942105c3fd5}</UniqueIdentifier>
    </Filter>
    <Filter Include="源文件\Ch3">
      <UniqueIdentifier>{d2ce4301-b954-4125-802e-dd9a2c4c191b}</UniqueIdentifier>
    </Filter>
    <Filter Include="源文件\Ch3\learn">
      <UniqueIdentifier>{44d89298-d6ba-40aa-989a-2efb3f1e1195}</UniqueIdentifier>
    </Filter>
    <Filter Include="源文件\Ch3\test">
      <UniqueIdentifier>{9c9bc362-99df-4e7d-927c-fddd33119c30}</UniqueIdentifier>
    </Filter>
  </ItemGroup>
  <ItemGroup>
    <ClCompile Include="1-6三位数反转.cpp">
      <Filter>源文件\Ch1\learn</Filter>
    </ClCompile>
    <ClCompile Include="1-5圆柱体表面积.cpp">
      <Filter>源文件\Ch1\learn</Filter>
    </ClCompile>
    <ClCompile Include="1-4a+b问题.cpp">
      <Filter>源文件\Ch1\learn</Filter>
    </ClCompile>
    <ClCompile Include="1-3复杂的表达式计算.cpp">
      <Filter>源文件\Ch1\learn</Filter>
    </ClCompile>
    <ClCompile Include="1-2计算浮点数相除.cpp">
      <Filter>源文件\Ch1\learn</Filter>
    </ClCompile>
    <ClCompile Include="1-1计算1加2.cpp">
      <Filter>源文件\Ch1\learn</Filter>
    </ClCompile>
    <ClCompile Include="1-7三位数反转(2).cpp">
      <Filter>源文件\Ch1\learn</Filter>
    </ClCompile>
    <ClCompile Include="1-8变量交换.cpp">
      <Filter>源文件\Ch1\learn</Filter>
    </ClCompile>
    <ClCompile Include="1-11鸡兔同笼.cpp">
      <Filter>源文件\Ch1\learn</Filter>
    </ClCompile>
    <ClCompile Include="1-12三整数排序.cpp">
      <Filter>源文件\Ch1\learn</Filter>
    </ClCompile>
    <ClCompile Include="1-1平均数.cpp">
      <Filter>源文件\Ch1\test</Filter>
    </ClCompile>
    <ClCompile Include="1-2温度.cpp">
      <Filter>源文件\Ch1\test</Filter>
    </ClCompile>
    <ClCompile Include="1-3连续和.cpp">
      <Filter>源文件\Ch1\test</Filter>
    </ClCompile>
    <ClCompile Include="1-4正弦和余弦.cpp">
      <Filter>源文件\Ch1\test</Filter>
    </ClCompile>
    <ClCompile Include="1-5打折.cpp">
      <Filter>源文件\Ch1\test</Filter>
    </ClCompile>
    <ClCompile Include="1-6三角形.cpp">
      <Filter>源文件\Ch1\test</Filter>
    </ClCompile>
    <ClCompile Include="1-7年份.cpp">
      <Filter>源文件\Ch1\test</Filter>
    </ClCompile>
    <ClCompile Include="2-1输出1到n的值.cpp">
      <Filter>源文件\Ch2\learn</Filter>
    </ClCompile>
    <ClCompile Include="2-2 7744问题.cpp">
      <Filter>源文件\Ch2\learn</Filter>
    </ClCompile>
    <ClCompile Include="2-4 3n加1问题.cpp">
      <Filter>源文件\Ch2\learn</Filter>
    </ClCompile>
    <ClCompile Include="2-6近似计算.cpp">
      <Filter>源文件\Ch2\learn</Filter>
    </ClCompile>
    <ClCompile Include="2-7阶乘之和.cpp">
      <Filter>源文件\Ch2\learn</Filter>
    </ClCompile>
    <ClCompile Include="2-8阶乘之和(2).cpp">
      <Filter>源文件\Ch2\learn</Filter>
    </ClCompile>
    <ClCompile Include="2-9数据统计.cpp">
      <Filter>源文件\Ch2\learn</Filter>
    </ClCompile>
    <ClCompile Include="2-10数据统计(重定向).cpp">
      <Filter>源文件\Ch2\learn</Filter>
    </ClCompile>
    <ClCompile Include="2-11数据统计(fopen版).cpp">
      <Filter>源文件\Ch2\learn</Filter>
    </ClCompile>
    <ClCompile Include="2-1水仙花数.cpp">
      <Filter>源文件\Ch2\test</Filter>
    </ClCompile>
    <ClCompile Include="2-2韩信点兵.cpp">
      <Filter>源文件\Ch2\test</Filter>
    </ClCompile>
    <ClCompile Include="2-12数据统计II.cpp">
      <Filter>源文件\Ch2\learn</Filter>
    </ClCompile>
    <ClCompile Include="2-3倒三角形.cpp">
      <Filter>源文件\Ch2\test</Filter>
    </ClCompile>
    <ClCompile Include="2-4子序列的和.cpp">
      <Filter>源文件\Ch2\test</Filter>
    </ClCompile>
    <ClCompile Include="2-5分数化小数.cpp">
      <Filter>源文件\Ch2\test</Filter>
    </ClCompile>
    <ClCompile Include="2-6排列.cpp">
      <Filter>源文件\Ch2\test</Filter>
    </ClCompile>
    <ClCompile Include="2-6排列(转换为字符).cpp">
      <Filter>源文件\Ch2\test</Filter>
    </ClCompile>
    <ClCompile Include="think1.cpp">
      <Filter>源文件\Ch2\test</Filter>
    </ClCompile>
    <ClCompile Include="think2.cpp">
      <Filter>源文件\Ch2\test</Filter>
    </ClCompile>
    <ClCompile Include="3-1 逆序输出.cpp">
      <Filter>源文件\Ch3\learn</Filter>
    </ClCompile>
    <ClCompile Include="3-2 开灯问题.cpp">
      <Filter>源文件\Ch3\learn</Filter>
    </ClCompile>
    <ClCompile Include="3-3 蛇形填数.cpp">
      <Filter>源文件\Ch3\learn</Filter>
    </ClCompile>
    <ClCompile Include="3-4 竖式问题.cpp">
      <Filter>源文件\Ch3\learn</Filter>
    </ClCompile>
    <ClCompile Include="3-5 TeX中的引号.cpp">
      <Filter>源文件\Ch3\learn</Filter>
    </ClCompile>
    <ClCompile Include="3-6 WERTYU.cpp">
      <Filter>源文件\Ch3\learn</Filter>
    </ClCompile>
    <ClCompile Include="3-7 回文词.cpp">
      <Filter>源文件\Ch3\learn</Filter>
    </ClCompile>
    <ClCompile Include="3-8 猜数字提示.cpp">
      <Filter>源文件\Ch3\learn</Filter>
    </ClCompile>
    <ClCompile Include="3-9 生成元.cpp">
      <Filter>源文件\Ch3\learn</Filter>
    </ClCompile>
    <ClCompile Include="3-10 环状序列.cpp">
      <Filter>源文件\Ch3\learn</Filter>
    </ClCompile>
    <ClCompile Include="ch3_think1.cpp">
      <Filter>源文件\Ch3\test</Filter>
    </ClCompile>
    <ClCompile Include="ch3_think2.cpp">
      <Filter>源文件\Ch3\test</Filter>
    </ClCompile>
    <ClCompile Include="ch3_think3.cpp">
      <Filter>源文件\Ch3\test</Filter>
    </ClCompile>
    <ClCompile Include="Ch3_think4.cpp">
      <Filter>源文件\Ch3\test</Filter>
    </ClCompile>
    <ClCompile Include="Ch3_think5.cpp">
      <Filter>源文件\Ch3\test</Filter>
    </ClCompile>
    <ClCompile Include="Ch3_think6.cpp">
      <Filter>源文件\Ch3\test</Filter>
    </ClCompile>
    <ClCompile Include="3-1 得分.cpp">
      <Filter>源文件\Ch3\test</Filter>
    </ClCompile>
    <ClCompile Include="3-2 分子量.cpp">
      <Filter>源文件\Ch3\test</Filter>
    </ClCompile>
    <ClCompile Include="3-3  数数字.cpp">
      <Filter>源文件\Ch3\test</Filter>
    </ClCompile>
    <ClCompile Include="3-4 周期串.cpp">
      <Filter>源文件\Ch3\test</Filter>
    </ClCompile>
    <ClCompile Include="3-5 谜题.cpp">
      <Filter>源文件\Ch3\test</Filter>
    </ClCompile>
    <ClCompile Include="3-6 纵横字谜.cpp">
      <Filter>源文件\Ch3\test</Filter>
    </ClCompile>
    <ClCompile Include="3-7 DNA序列.cpp">
      <Filter>源文件\Ch3\test</Filter>
    </ClCompile>
    <ClCompile Include="3-7 DNA序列2.cpp">
      <Filter>源文件\Ch3\test</Filter>
    </ClCompile>
    <ClCompile Include="3-8 循环小数.cpp">
      <Filter>源文件\Ch3\test</Filter>
    </ClCompile>
    <ClCompile Include="3-9 子序列.cpp">
      <Filter>源文件\Ch3\test</Filter>
    </ClCompile>
    <ClCompile Include="3-9 子序列2.cpp">
      <Filter>源文件\Ch3\test</Filter>
    </ClCompile>
    <ClCompile Include="3-10 盒子.cpp">
      <Filter>源文件\Ch3\test</Filter>
    </ClCompile>
    <ClCompile Include="3-10 盒子2.cpp">
      <Filter>源文件\Ch3\test</Filter>
    </ClCompile>
    <ClCompile Include="3-11 换抵挡装置.cpp">
      <Filter>源文件\Ch3\test</Filter>
    </ClCompile>
    <ClCompile Include="3-11 换抵挡装置2.cpp">
      <Filter>源文件\Ch3\test</Filter>
    </ClCompile>
    <ClCompile Include="3-12 浮点数.cpp">
      <Filter>源文件\Ch3\test</Filter>
    </ClCompile>
    <ClCompile Include="3-12 浮点数2.cpp">
      <Filter>源文件\Ch3\test</Filter>
    </ClCompile>
  </ItemGroup>
  <ItemGroup>
    <None Include="data.in">
      <Filter>源文件\Ch2\learn</Filter>
    </None>
    <None Include="hanxin.in">
      <Filter>源文件\Ch2\test</Filter>
    </None>
    <None Include="sum.in">
      <Filter>源文件\Ch2\test</Filter>
    </None>
  </ItemGroup>
</Project>