<?xml version="1.0" encoding="utf-8"?>
<Project ToolsVersion="4.0" xmlns="http://schemas.microsoft.com/developer/msbuild/2003">
  <ItemGroup>
    <Filter Include="源文件">
      <UniqueIdentifier>{4FC737F1-C7A5-4376-A066-2A32D752A2FF}</UniqueIdentifier>
      <Extensions>cpp;c;cc;cxx;def;odl;idl;hpj;bat;asm;asmx</Extensions>
    </Filter>
    <Filter Include="头文件">
      <UniqueIdentifier>{93995380-89BD-4b04-88EB-625FBE52EBFB}</UniqueIdentifier>
      <Extensions>h;hh;hpp;hxx;hm;inl;inc;ipp;xsd</Extensions>
    </Filter>
    <Filter Include="资源文件">
      <UniqueIdentifier>{67DA6AB6-F800-4c08-8B7A-83BB121AAD01}</UniqueIdentifier>
      <Extensions>rc;ico;cur;bmp;dlg;rc2;rct;bin;rgs;gif;jpg;jpeg;jpe;resx;tiff;tif;png;wav;mfcribbon-ms</Extensions>
    </Filter>
    <Filter Include="源文件\Ch1">
      <UniqueIdentifier>{f6908b61-2b0b-47ee-9459-02d12e0c1be4}</UniqueIdentifier>
    </Filter>
    <Filter Include="源文件\Ch1\learn">
      <UniqueIdentifier>{069c09f2-8f7e-4825-b38b-8bce0d4a8ef6}</UniqueIdentifier>
    </Filter>
    <Filter Include="源文件\Ch1\test">
      <UniqueIdentifier>{f67e8025-3c92-4bc9-80c5-f86ff9a6aa78}</UniqueIdentifier>
    </Filter>
  </ItemGroup>
  <ItemGroup>
    <ClCompile Include="1-6三位数反转.cpp">
      <Filter>源文件\Ch1\learn</Filter>
    </ClCompile>
    <ClCompile Include="1-5圆柱体表面积.cpp">
      <Filter>源文件\Ch1\learn</Filter>
    </ClCompile>
    <ClCompile Include="1-4a+b问题.cpp">
      <Filter>源文件\Ch1\learn</Filter>
    </ClCompile>
    <ClCompile Include="1-3复杂的表达式计算.cpp">
      <Filter>源文件\Ch1\learn</Filter>
    </ClCompile>
    <ClCompile Include="1-2计算浮点数相除.cpp">
      <Filter>源文件\Ch1\learn</Filter>
    </ClCompile>
    <ClCompile Include="1-1计算1加2.cpp">
      <Filter>源文件\Ch1\learn</Filter>
    </ClCompile>
    <ClCompile Include="1-7三位数反转(2).cpp">
      <Filter>源文件\Ch1\learn</Filter>
    </ClCompile>
    <ClCompile Include="1-8变量交换.cpp">
      <Filter>源文件\Ch1\learn</Filter>
    </ClCompile>
    <ClCompile Include="1-11鸡兔同笼.cpp">
      <Filter>源文件\Ch1\learn</Filter>
    </ClCompile>
    <ClCompile Include="1-12三整数排序.cpp">
      <Filter>源文件\Ch1\learn</Filter>
    </ClCompile>
    <ClCompile Include="1-1平均数.cpp">
      <Filter>源文件\Ch1\test</Filter>
    </ClCompile>
    <ClCompile Include="1-2温度.cpp">
      <Filter>源文件\Ch1\test</Filter>
    </ClCompile>
    <ClCompile Include="1-3连续和.cpp">
      <Filter>源文件\Ch1\test</Filter>
    </ClCompile>
    <ClCompile Include="1-4正弦和余弦.cpp">
      <Filter>源文件\Ch1\test</Filter>
    </ClCompile>
    <ClCompile Include="1-5打折.cpp">
      <Filter>源文件\Ch1\test</Filter>
    </ClCompile>
    <ClCompile Include="1-6三角形.cpp">
      <Filter>源文件\Ch1\test</Filter>
    </ClCompile>
    <ClCompile Include="1-7年份.cpp">
      <Filter>源文件\Ch1\test</Filter>
    </ClCompile>
  </ItemGroup>
</Project>